// !$*UTF8*$!
{
	archiveVersion = 1;
	classes = {
	};
	objectVersion = 48;
	objects = {

/* Begin PBXBuildFile section */
		75297AFF1FDCB6A700A620D1 /* DailySpeacialsView.xib in Resources */ = {isa = PBXBuildFile; fileRef = 75297AFE1FDCB6A700A620D1 /* DailySpeacialsView.xib */; };
		75297B031FDCB7C200A620D1 /* DailySpecialsView.swift in Sources */ = {isa = PBXBuildFile; fileRef = 75297B021FDCB7C200A620D1 /* DailySpecialsView.swift */; };
		752E34F31FCE1C4C009A051C /* AppDelegate.swift in Sources */ = {isa = PBXBuildFile; fileRef = 752E34F21FCE1C4C009A051C /* AppDelegate.swift */; };
		752E34F81FCE1C4C009A051C /* Main.storyboard in Resources */ = {isa = PBXBuildFile; fileRef = 752E34F61FCE1C4C009A051C /* Main.storyboard */; };
		752E34FA1FCE1C4C009A051C /* Assets.xcassets in Resources */ = {isa = PBXBuildFile; fileRef = 752E34F91FCE1C4C009A051C /* Assets.xcassets */; };
		752E34FD1FCE1C4C009A051C /* LaunchScreen.storyboard in Resources */ = {isa = PBXBuildFile; fileRef = 752E34FB1FCE1C4C009A051C /* LaunchScreen.storyboard */; };
		752E35051FCE1CB0009A051C /* GoogleService-Info.plist in Resources */ = {isa = PBXBuildFile; fileRef = 752E35041FCE1CB0009A051C /* GoogleService-Info.plist */; };
		755164E72014051C0093DF28 /* ApplicationMenuItems.swift in Sources */ = {isa = PBXBuildFile; fileRef = 755164E62014051C0093DF28 /* ApplicationMenuItems.swift */; };
		75633F1A201D0DA300960D00 /* DetailsTableViewController.swift in Sources */ = {isa = PBXBuildFile; fileRef = 75633F19201D0DA300960D00 /* DetailsTableViewController.swift */; };
		7572780E200D0D1B00671FA4 /* HomeViewController.swift in Sources */ = {isa = PBXBuildFile; fileRef = 7572780D200D0D1B00671FA4 /* HomeViewController.swift */; };
		758ABB722023986B001EB645 /* customDetailCell.swift in Sources */ = {isa = PBXBuildFile; fileRef = 758ABB712023986B001EB645 /* customDetailCell.swift */; };
		758BBDFE2028C571001A103E /* AppMenuTableViewCell.swift in Sources */ = {isa = PBXBuildFile; fileRef = 758BBDFD2028C571001A103E /* AppMenuTableViewCell.swift */; };
		75BDBA0D2017C08E000882D0 /* MenuController.swift in Sources */ = {isa = PBXBuildFile; fileRef = 75BDBA0C2017C08E000882D0 /* MenuController.swift */; };
		75DF7F592038ADD5007CF58C /* DailySpecials.swift in Sources */ = {isa = PBXBuildFile; fileRef = 75DF7F582038ADD5007CF58C /* DailySpecials.swift */; };
		75DF7F5B2038B5BE007CF58C /* DailySpecialsController.swift in Sources */ = {isa = PBXBuildFile; fileRef = 75DF7F5A2038B5BE007CF58C /* DailySpecialsController.swift */; };
		831F589BF256D2DD5E6C283E /* Pods_TheParkCafe.framework in Frameworks */ = {isa = PBXBuildFile; fileRef = 93EEAB4FA5A2266009BE9FD5 /* Pods_TheParkCafe.framework */; };
/* End PBXBuildFile section */

/* Begin PBXFileReference section */
		60E8D1C38D6115567A0678B2 /* Pods-TheParkCafe.debug.xcconfig */ = {isa = PBXFileReference; includeInIndex = 1; lastKnownFileType = text.xcconfig; name = "Pods-TheParkCafe.debug.xcconfig"; path = "Pods/Target Support Files/Pods-TheParkCafe/Pods-TheParkCafe.debug.xcconfig"; sourceTree = "<group>"; };
		75297AFE1FDCB6A700A620D1 /* DailySpeacialsView.xib */ = {isa = PBXFileReference; lastKnownFileType = file.xib; path = DailySpeacialsView.xib; sourceTree = "<group>"; };
		75297B021FDCB7C200A620D1 /* DailySpecialsView.swift */ = {isa = PBXFileReference; lastKnownFileType = sourcecode.swift; path = DailySpecialsView.swift; sourceTree = "<group>"; };
		752E34EF1FCE1C4C009A051C /* The Park Cafe.app */ = {isa = PBXFileReference; explicitFileType = wrapper.application; includeInIndex = 0; path = "The Park Cafe.app"; sourceTree = BUILT_PRODUCTS_DIR; };
		752E34F21FCE1C4C009A051C /* AppDelegate.swift */ = {isa = PBXFileReference; lastKnownFileType = sourcecode.swift; path = AppDelegate.swift; sourceTree = "<group>"; };
		752E34F71FCE1C4C009A051C /* Base */ = {isa = PBXFileReference; lastKnownFileType = file.storyboard; name = Base; path = Base.lproj/Main.storyboard; sourceTree = "<group>"; };
		752E34F91FCE1C4C009A051C /* Assets.xcassets */ = {isa = PBXFileReference; lastKnownFileType = folder.assetcatalog; path = Assets.xcassets; sourceTree = "<group>"; };
		752E34FC1FCE1C4C009A051C /* Base */ = {isa = PBXFileReference; lastKnownFileType = file.storyboard; name = Base; path = Base.lproj/LaunchScreen.storyboard; sourceTree = "<group>"; };
		752E34FE1FCE1C4C009A051C /* Info.plist */ = {isa = PBXFileReference; lastKnownFileType = text.plist.xml; path = Info.plist; sourceTree = "<group>"; };
		752E35041FCE1CB0009A051C /* GoogleService-Info.plist */ = {isa = PBXFileReference; fileEncoding = 4; lastKnownFileType = text.plist.xml; path = "GoogleService-Info.plist"; sourceTree = SOURCE_ROOT; };
		755164E62014051C0093DF28 /* ApplicationMenuItems.swift */ = {isa = PBXFileReference; lastKnownFileType = sourcecode.swift; path = ApplicationMenuItems.swift; sourceTree = "<group>"; };
		75633F19201D0DA300960D00 /* DetailsTableViewController.swift */ = {isa = PBXFileReference; lastKnownFileType = sourcecode.swift; path = DetailsTableViewController.swift; sourceTree = "<group>"; };
		7572780D200D0D1B00671FA4 /* HomeViewController.swift */ = {isa = PBXFileReference; lastKnownFileType = sourcecode.swift; path = HomeViewController.swift; sourceTree = "<group>"; };
		758ABB712023986B001EB645 /* customDetailCell.swift */ = {isa = PBXFileReference; lastKnownFileType = sourcecode.swift; path = customDetailCell.swift; sourceTree = "<group>"; };
		758BBDFD2028C571001A103E /* AppMenuTableViewCell.swift */ = {isa = PBXFileReference; lastKnownFileType = sourcecode.swift; path = AppMenuTableViewCell.swift; sourceTree = "<group>"; };
		75BDBA0C2017C08E000882D0 /* MenuController.swift */ = {isa = PBXFileReference; lastKnownFileType = sourcecode.swift; path = MenuController.swift; sourceTree = "<group>"; };
		75DF7F582038ADD5007CF58C /* DailySpecials.swift */ = {isa = PBXFileReference; lastKnownFileType = sourcecode.swift; path = DailySpecials.swift; sourceTree = "<group>"; };
		75DF7F5A2038B5BE007CF58C /* DailySpecialsController.swift */ = {isa = PBXFileReference; lastKnownFileType = sourcecode.swift; path = DailySpecialsController.swift; sourceTree = "<group>"; };
		93EEAB4FA5A2266009BE9FD5 /* Pods_TheParkCafe.framework */ = {isa = PBXFileReference; explicitFileType = wrapper.framework; includeInIndex = 0; path = Pods_TheParkCafe.framework; sourceTree = BUILT_PRODUCTS_DIR; };
		D32E965A823CCFEFC43149AB /* Pods-TheParkCafe.release.xcconfig */ = {isa = PBXFileReference; includeInIndex = 1; lastKnownFileType = text.xcconfig; name = "Pods-TheParkCafe.release.xcconfig"; path = "Pods/Target Support Files/Pods-TheParkCafe/Pods-TheParkCafe.release.xcconfig"; sourceTree = "<group>"; };
/* End PBXFileReference section */

/* Begin PBXFrameworksBuildPhase section */
		752E34EC1FCE1C4C009A051C /* Frameworks */ = {
			isa = PBXFrameworksBuildPhase;
			buildActionMask = 2147483647;
			files = (
				831F589BF256D2DD5E6C283E /* Pods_TheParkCafe.framework in Frameworks */,
			);
			runOnlyForDeploymentPostprocessing = 0;
		};
/* End PBXFrameworksBuildPhase section */

/* Begin PBXGroup section */
		752E34E61FCE1C4C009A051C = {
			isa = PBXGroup;
			children = (
				752E34F11FCE1C4C009A051C /* TheParkCafe */,
				752E34F01FCE1C4C009A051C /* Products */,
				7649316905257F9654753C6C /* Pods */,
				E8A6D7530765C145EA5C511E /* Frameworks */,
			);
			sourceTree = "<group>";
		};
		752E34F01FCE1C4C009A051C /* Products */ = {
			isa = PBXGroup;
			children = (
				752E34EF1FCE1C4C009A051C /* The Park Cafe.app */,
			);
			name = Products;
			sourceTree = "<group>";
		};
		752E34F11FCE1C4C009A051C /* TheParkCafe */ = {
			isa = PBXGroup;
			children = (
				752E34F21FCE1C4C009A051C /* AppDelegate.swift */,
				752E34F61FCE1C4C009A051C /* Main.storyboard */,
				75BDBA0B2017C06A000882D0 /* Model */,
				75BDBA112017C418000882D0 /* View Controllers */,
				75BDBA0E2017C11F000882D0 /* Controllers */,
				75BDBA0F2017C12E000882D0 /* Custom Views */,
				752E34F91FCE1C4C009A051C /* Assets.xcassets */,
				752E34FB1FCE1C4C009A051C /* LaunchScreen.storyboard */,
				752E34FE1FCE1C4C009A051C /* Info.plist */,
				752E35041FCE1CB0009A051C /* GoogleService-Info.plist */,
			);
			path = TheParkCafe;
			sourceTree = "<group>";
		};
		75BDBA0B2017C06A000882D0 /* Model */ = {
			isa = PBXGroup;
			children = (
				755164E62014051C0093DF28 /* ApplicationMenuItems.swift */,
				75DF7F582038ADD5007CF58C /* DailySpecials.swift */,
			);
			name = Model;
			path = "New Group";
			sourceTree = "<group>";
		};
		75BDBA0E2017C11F000882D0 /* Controllers */ = {
			isa = PBXGroup;
			children = (
				75BDBA0C2017C08E000882D0 /* MenuController.swift */,
				75DF7F5A2038B5BE007CF58C /* DailySpecialsController.swift */,
			);
			name = Controllers;
			path = "New Group1";
			sourceTree = "<group>";
		};
		75BDBA0F2017C12E000882D0 /* Custom Views */ = {
			isa = PBXGroup;
			children = (
				75DF7F5C2038C77F007CF58C /* Custom Cells */,
				75BDBA102017C149000882D0 /* Daily Specials  */,
			);
			path = "Custom Views";
			sourceTree = "<group>";
		};
		75BDBA102017C149000882D0 /* Daily Specials  */ = {
			isa = PBXGroup;
			children = (
				75297B021FDCB7C200A620D1 /* DailySpecialsView.swift */,
				75297AFE1FDCB6A700A620D1 /* DailySpeacialsView.xib */,
			);
			path = "Daily Specials ";
			sourceTree = "<group>";
		};
		75BDBA112017C418000882D0 /* View Controllers */ = {
			isa = PBXGroup;
			children = (
				7572780D200D0D1B00671FA4 /* HomeViewController.swift */,
				75633F19201D0DA300960D00 /* DetailsTableViewController.swift */,
			);
			path = "View Controllers";
			sourceTree = "<group>";
		};
		75DF7F5C2038C77F007CF58C /* Custom Cells */ = {
			isa = PBXGroup;
			children = (
				758BBDFD2028C571001A103E /* AppMenuTableViewCell.swift */,
				758ABB712023986B001EB645 /* customDetailCell.swift */,
			);
			path = "Custom Cells";
			sourceTree = "<group>";
		};
		7649316905257F9654753C6C /* Pods */ = {
			isa = PBXGroup;
			children = (
				60E8D1C38D6115567A0678B2 /* Pods-TheParkCafe.debug.xcconfig */,
				D32E965A823CCFEFC43149AB /* Pods-TheParkCafe.release.xcconfig */,
			);
			name = Pods;
			sourceTree = "<group>";
		};
		E8A6D7530765C145EA5C511E /* Frameworks */ = {
			isa = PBXGroup;
			children = (
				93EEAB4FA5A2266009BE9FD5 /* Pods_TheParkCafe.framework */,
			);
			name = Frameworks;
			sourceTree = "<group>";
		};
/* End PBXGroup section */

/* Begin PBXNativeTarget section */
		752E34EE1FCE1C4C009A051C /* The Park Cafe */ = {
			isa = PBXNativeTarget;
			buildConfigurationList = 752E35011FCE1C4C009A051C /* Build configuration list for PBXNativeTarget "The Park Cafe" */;
			buildPhases = (
				5379AAEC24C1505768A4975A /* [CP] Check Pods Manifest.lock */,
				752E34EB1FCE1C4C009A051C /* Sources */,
				752E34EC1FCE1C4C009A051C /* Frameworks */,
				752E34ED1FCE1C4C009A051C /* Resources */,
				EE04D4F5383B2A13CFFA9CC8 /* [CP] Embed Pods Frameworks */,
				D69F3DEFF3FE8285B9A44B44 /* [CP] Copy Pods Resources */,
			);
			buildRules = (
			);
			dependencies = (
			);
			name = "The Park Cafe";
			productName = TheParkCafe;
			productReference = 752E34EF1FCE1C4C009A051C /* The Park Cafe.app */;
			productType = "com.apple.product-type.application";
		};
/* End PBXNativeTarget section */

/* Begin PBXProject section */
		752E34E71FCE1C4C009A051C /* Project object */ = {
			isa = PBXProject;
			attributes = {
				LastSwiftUpdateCheck = 0910;
				LastUpgradeCheck = 0910;
				ORGANIZATIONNAME = "Karl Pfister";
				TargetAttributes = {
					752E34EE1FCE1C4C009A051C = {
						CreatedOnToolsVersion = 9.1;
						ProvisioningStyle = Automatic;
						SystemCapabilities = {
							com.apple.InAppPurchase = {
								enabled = 0;
							};
						};
					};
				};
			};
			buildConfigurationList = 752E34EA1FCE1C4C009A051C /* Build configuration list for PBXProject "TheParkCafe" */;
			compatibilityVersion = "Xcode 8.0";
			developmentRegion = en;
			hasScannedForEncodings = 0;
			knownRegions = (
				en,
				Base,
			);
			mainGroup = 752E34E61FCE1C4C009A051C;
			productRefGroup = 752E34F01FCE1C4C009A051C /* Products */;
			projectDirPath = "";
			projectRoot = "";
			targets = (
				752E34EE1FCE1C4C009A051C /* The Park Cafe */,
			);
		};
/* End PBXProject section */

/* Begin PBXResourcesBuildPhase section */
		752E34ED1FCE1C4C009A051C /* Resources */ = {
			isa = PBXResourcesBuildPhase;
			buildActionMask = 2147483647;
			files = (
				752E34FD1FCE1C4C009A051C /* LaunchScreen.storyboard in Resources */,
				752E35051FCE1CB0009A051C /* GoogleService-Info.plist in Resources */,
				75297AFF1FDCB6A700A620D1 /* DailySpeacialsView.xib in Resources */,
				752E34FA1FCE1C4C009A051C /* Assets.xcassets in Resources */,
				752E34F81FCE1C4C009A051C /* Main.storyboard in Resources */,
			);
			runOnlyForDeploymentPostprocessing = 0;
		};
/* End PBXResourcesBuildPhase section */

/* Begin PBXShellScriptBuildPhase section */
		5379AAEC24C1505768A4975A /* [CP] Check Pods Manifest.lock */ = {
			isa = PBXShellScriptBuildPhase;
			buildActionMask = 2147483647;
			files = (
			);
			inputPaths = (
				"${PODS_PODFILE_DIR_PATH}/Podfile.lock",
				"${PODS_ROOT}/Manifest.lock",
			);
			name = "[CP] Check Pods Manifest.lock";
			outputPaths = (
				"$(DERIVED_FILE_DIR)/Pods-TheParkCafe-checkManifestLockResult.txt",
			);
			runOnlyForDeploymentPostprocessing = 0;
			shellPath = /bin/sh;
			shellScript = "diff \"${PODS_PODFILE_DIR_PATH}/Podfile.lock\" \"${PODS_ROOT}/Manifest.lock\" > /dev/null\nif [ $? != 0 ] ; then\n    # print error to STDERR\n    echo \"error: The sandbox is not in sync with the Podfile.lock. Run 'pod install' or update your CocoaPods installation.\" >&2\n    exit 1\nfi\n# This output is used by Xcode 'outputs' to avoid re-running this script phase.\necho \"SUCCESS\" > \"${SCRIPT_OUTPUT_FILE_0}\"\n";
			showEnvVarsInLog = 0;
		};
		D69F3DEFF3FE8285B9A44B44 /* [CP] Copy Pods Resources */ = {
			isa = PBXShellScriptBuildPhase;
			buildActionMask = 2147483647;
			files = (
			);
			inputPaths = (
			);
			name = "[CP] Copy Pods Resources";
			outputPaths = (
			);
			runOnlyForDeploymentPostprocessing = 0;
			shellPath = /bin/sh;
			shellScript = "\"${SRCROOT}/Pods/Target Support Files/Pods-TheParkCafe/Pods-TheParkCafe-resources.sh\"\n";
			showEnvVarsInLog = 0;
		};
		EE04D4F5383B2A13CFFA9CC8 /* [CP] Embed Pods Frameworks */ = {
			isa = PBXShellScriptBuildPhase;
			buildActionMask = 2147483647;
			files = (
			);
			inputPaths = (
				"${SRCROOT}/Pods/Target Support Files/Pods-TheParkCafe/Pods-TheParkCafe-frameworks.sh",
				"${BUILT_PRODUCTS_DIR}/GoogleToolboxForMac/GoogleToolboxForMac.framework",
				"${BUILT_PRODUCTS_DIR}/nanopb/nanopb.framework",
			);
			name = "[CP] Embed Pods Frameworks";
			outputPaths = (
				"${TARGET_BUILD_DIR}/${FRAMEWORKS_FOLDER_PATH}/GoogleToolboxForMac.framework",
				"${TARGET_BUILD_DIR}/${FRAMEWORKS_FOLDER_PATH}/nanopb.framework",
			);
			runOnlyForDeploymentPostprocessing = 0;
			shellPath = /bin/sh;
			shellScript = "\"${SRCROOT}/Pods/Target Support Files/Pods-TheParkCafe/Pods-TheParkCafe-frameworks.sh\"\n";
			showEnvVarsInLog = 0;
		};
/* End PBXShellScriptBuildPhase section */

/* Begin PBXSourcesBuildPhase section */
		752E34EB1FCE1C4C009A051C /* Sources */ = {
			isa = PBXSourcesBuildPhase;
			buildActionMask = 2147483647;
			files = (
				758ABB722023986B001EB645 /* customDetailCell.swift in Sources */,
				75BDBA0D2017C08E000882D0 /* MenuController.swift in Sources */,
				755164E72014051C0093DF28 /* ApplicationMenuItems.swift in Sources */,
				75DF7F5B2038B5BE007CF58C /* DailySpecialsController.swift in Sources */,
				75297B031FDCB7C200A620D1 /* DailySpecialsView.swift in Sources */,
				75DF7F592038ADD5007CF58C /* DailySpecials.swift in Sources */,
				752E34F31FCE1C4C009A051C /* AppDelegate.swift in Sources */,
				75633F1A201D0DA300960D00 /* DetailsTableViewController.swift in Sources */,
				758BBDFE2028C571001A103E /* AppMenuTableViewCell.swift in Sources */,
				7572780E200D0D1B00671FA4 /* HomeViewController.swift in Sources */,
			);
			runOnlyForDeploymentPostprocessing = 0;
		};
/* End PBXSourcesBuildPhase section */

/* Begin PBXVariantGroup section */
		752E34F61FCE1C4C009A051C /* Main.storyboard */ = {
			isa = PBXVariantGroup;
			children = (
				752E34F71FCE1C4C009A051C /* Base */,
			);
			name = Main.storyboard;
			sourceTree = "<group>";
		};
		752E34FB1FCE1C4C009A051C /* LaunchScreen.storyboard */ = {
			isa = PBXVariantGroup;
			children = (
				752E34FC1FCE1C4C009A051C /* Base */,
			);
			name = LaunchScreen.storyboard;
			sourceTree = "<group>";
		};
/* End PBXVariantGroup section */

/* Begin XCBuildConfiguration section */
		752E34FF1FCE1C4C009A051C /* Debug */ = {
			isa = XCBuildConfiguration;
			buildSettings = {
				ALWAYS_SEARCH_USER_PATHS = NO;
				CLANG_ANALYZER_NONNULL = YES;
				CLANG_ANALYZER_NUMBER_OBJECT_CONVERSION = YES_AGGRESSIVE;
				CLANG_CXX_LANGUAGE_STANDARD = "gnu++14";
				CLANG_CXX_LIBRARY = "libc++";
				CLANG_ENABLE_MODULES = YES;
				CLANG_ENABLE_OBJC_ARC = YES;
				CLANG_WARN_BLOCK_CAPTURE_AUTORELEASING = YES;
				CLANG_WARN_BOOL_CONVERSION = YES;
				CLANG_WARN_COMMA = YES;
				CLANG_WARN_CONSTANT_CONVERSION = YES;
				CLANG_WARN_DIRECT_OBJC_ISA_USAGE = YES_ERROR;
				CLANG_WARN_DOCUMENTATION_COMMENTS = YES;
				CLANG_WARN_EMPTY_BODY = YES;
				CLANG_WARN_ENUM_CONVERSION = YES;
				CLANG_WARN_INFINITE_RECURSION = YES;
				CLANG_WARN_INT_CONVERSION = YES;
				CLANG_WARN_NON_LITERAL_NULL_CONVERSION = YES;
				CLANG_WARN_OBJC_LITERAL_CONVERSION = YES;
				CLANG_WARN_OBJC_ROOT_CLASS = YES_ERROR;
				CLANG_WARN_RANGE_LOOP_ANALYSIS = YES;
				CLANG_WARN_STRICT_PROTOTYPES = YES;
				CLANG_WARN_SUSPICIOUS_MOVE = YES;
				CLANG_WARN_UNGUARDED_AVAILABILITY = YES_AGGRESSIVE;
				CLANG_WARN_UNREACHABLE_CODE = YES;
				CLANG_WARN__DUPLICATE_METHOD_MATCH = YES;
				CODE_SIGN_IDENTITY = "iPhone Developer";
				COPY_PHASE_STRIP = NO;
				DEBUG_INFORMATION_FORMAT = dwarf;
				ENABLE_STRICT_OBJC_MSGSEND = YES;
				ENABLE_TESTABILITY = YES;
				GCC_C_LANGUAGE_STANDARD = gnu11;
				GCC_DYNAMIC_NO_PIC = NO;
				GCC_NO_COMMON_BLOCKS = YES;
				GCC_OPTIMIZATION_LEVEL = 0;
				GCC_PREPROCESSOR_DEFINITIONS = (
					"DEBUG=1",
					"$(inherited)",
				);
				GCC_WARN_64_TO_32_BIT_CONVERSION = YES;
				GCC_WARN_ABOUT_RETURN_TYPE = YES_ERROR;
				GCC_WARN_UNDECLARED_SELECTOR = YES;
				GCC_WARN_UNINITIALIZED_AUTOS = YES_AGGRESSIVE;
				GCC_WARN_UNUSED_FUNCTION = YES;
				GCC_WARN_UNUSED_VARIABLE = YES;
				IPHONEOS_DEPLOYMENT_TARGET = 11.1;
				MTL_ENABLE_DEBUG_INFO = YES;
				ONLY_ACTIVE_ARCH = YES;
				SDKROOT = iphoneos;
				SWIFT_ACTIVE_COMPILATION_CONDITIONS = DEBUG;
				SWIFT_OPTIMIZATION_LEVEL = "-Onone";
			};
			name = Debug;
		};
		752E35001FCE1C4C009A051C /* Release */ = {
			isa = XCBuildConfiguration;
			buildSettings = {
				ALWAYS_SEARCH_USER_PATHS = NO;
				CLANG_ANALYZER_NONNULL = YES;
				CLANG_ANALYZER_NUMBER_OBJECT_CONVERSION = YES_AGGRESSIVE;
				CLANG_CXX_LANGUAGE_STANDARD = "gnu++14";
				CLANG_CXX_LIBRARY = "libc++";
				CLANG_ENABLE_MODULES = YES;
				CLANG_ENABLE_OBJC_ARC = YES;
				CLANG_WARN_BLOCK_CAPTURE_AUTORELEASING = YES;
				CLANG_WARN_BOOL_CONVERSION = YES;
				CLANG_WARN_COMMA = YES;
				CLANG_WARN_CONSTANT_CONVERSION = YES;
				CLANG_WARN_DIRECT_OBJC_ISA_USAGE = YES_ERROR;
				CLANG_WARN_DOCUMENTATION_COMMENTS = YES;
				CLANG_WARN_EMPTY_BODY = YES;
				CLANG_WARN_ENUM_CONVERSION = YES;
				CLANG_WARN_INFINITE_RECURSION = YES;
				CLANG_WARN_INT_CONVERSION = YES;
				CLANG_WARN_NON_LITERAL_NULL_CONVERSION = YES;
				CLANG_WARN_OBJC_LITERAL_CONVERSION = YES;
				CLANG_WARN_OBJC_ROOT_CLASS = YES_ERROR;
				CLANG_WARN_RANGE_LOOP_ANALYSIS = YES;
				CLANG_WARN_STRICT_PROTOTYPES = YES;
				CLANG_WARN_SUSPICIOUS_MOVE = YES;
				CLANG_WARN_UNGUARDED_AVAILABILITY = YES_AGGRESSIVE;
				CLANG_WARN_UNREACHABLE_CODE = YES;
				CLANG_WARN__DUPLICATE_METHOD_MATCH = YES;
				CODE_SIGN_IDENTITY = "iPhone Developer";
				COPY_PHASE_STRIP = NO;
				DEBUG_INFORMATION_FORMAT = "dwarf-with-dsym";
				ENABLE_NS_ASSERTIONS = NO;
				ENABLE_STRICT_OBJC_MSGSEND = YES;
				GCC_C_LANGUAGE_STANDARD = gnu11;
				GCC_NO_COMMON_BLOCKS = YES;
				GCC_WARN_64_TO_32_BIT_CONVERSION = YES;
				GCC_WARN_ABOUT_RETURN_TYPE = YES_ERROR;
				GCC_WARN_UNDECLARED_SELECTOR = YES;
				GCC_WARN_UNINITIALIZED_AUTOS = YES_AGGRESSIVE;
				GCC_WARN_UNUSED_FUNCTION = YES;
				GCC_WARN_UNUSED_VARIABLE = YES;
				IPHONEOS_DEPLOYMENT_TARGET = 11.1;
				MTL_ENABLE_DEBUG_INFO = NO;
				SDKROOT = iphoneos;
				SWIFT_OPTIMIZATION_LEVEL = "-Owholemodule";
				VALIDATE_PRODUCT = YES;
			};
			name = Release;
		};
		752E35021FCE1C4C009A051C /* Debug */ = {
			isa = XCBuildConfiguration;
			baseConfigurationReference = 60E8D1C38D6115567A0678B2 /* Pods-TheParkCafe.debug.xcconfig */;
			buildSettings = {
				ASSETCATALOG_COMPILER_APPICON_NAME = AppIcon;
				CODE_SIGN_STYLE = Automatic;
				DEVELOPMENT_TEAM = 4J7B9732LY;
				INFOPLIST_FILE = TheParkCafe/Info.plist;
				LD_RUNPATH_SEARCH_PATHS = "$(inherited) @executable_path/Frameworks";
				PRODUCT_BUNDLE_IDENTIFIER = "Wolf-s-Head-Labs.TheParkCafe";
				PRODUCT_NAME = "$(TARGET_NAME)";
				SWIFT_VERSION = 4.0;
				TARGETED_DEVICE_FAMILY = 1;
			};
			name = Debug;
		};
		752E35031FCE1C4C009A051C /* Release */ = {
			isa = XCBuildConfiguration;
			baseConfigurationReference = D32E965A823CCFEFC43149AB /* Pods-TheParkCafe.release.xcconfig */;
			buildSettings = {
				ASSETCATALOG_COMPILER_APPICON_NAME = AppIcon;
				CODE_SIGN_STYLE = Automatic;
				DEVELOPMENT_TEAM = 4J7B9732LY;
				INFOPLIST_FILE = TheParkCafe/Info.plist;
				LD_RUNPATH_SEARCH_PATHS = "$(inherited) @executable_path/Frameworks";
				PRODUCT_BUNDLE_IDENTIFIER = "Wolf-s-Head-Labs.TheParkCafe";
				PRODUCT_NAME = "$(TARGET_NAME)";
				SWIFT_VERSION = 4.0;
				TARGETED_DEVICE_FAMILY = 1;
			};
			name = Release;
		};
/* End XCBuildConfiguration section */

/* Begin XCConfigurationList section */
		752E34EA1FCE1C4C009A051C /* Build configuration list for PBXProject "TheParkCafe" */ = {
			isa = XCConfigurationList;
			buildConfigurations = (
				752E34FF1FCE1C4C009A051C /* Debug */,
				752E35001FCE1C4C009A051C /* Release */,
			);
			defaultConfigurationIsVisible = 0;
			defaultConfigurationName = Release;
		};
		752E35011FCE1C4C009A051C /* Build configuration list for PBXNativeTarget "The Park Cafe" */ = {
			isa = XCConfigurationList;
			buildConfigurations = (
				752E35021FCE1C4C009A051C /* Debug */,
				752E35031FCE1C4C009A051C /* Release */,
			);
			defaultConfigurationIsVisible = 0;
			defaultConfigurationName = Release;
		};
/* End XCConfigurationList section */
	};
	rootObject = 752E34E71FCE1C4C009A051C /* Project object */;
}
